
Microsoft Visual Studio Solution File, Format Version 12.00
# Visual Studio Version 16
VisualStudioVersion = 16.0.30621.155
MinimumVisualStudioVersion = 10.0.40219.1
Project("{FAE04EC0-301F-11D3-BF4B-00C04F79EFBC}") = "BurningCrusadeWarlockSim", "BurningCrusadeWarlockSim.csproj", "{8FF19345-3F20-4A3A-9EF7-8F8EAF751FDA}"
EndProject
Global
	GlobalSection(SolutionConfigurationPlatforms) = preSolution
		Debug|Any CPU = Debug|Any CPU
		Release|Any CPU = Release|Any CPU
	EndGlobalSection
	GlobalSection(ProjectConfigurationPlatforms) = postSolution
		{8FF19345-3F20-4A3A-9EF7-8F8EAF751FDA}.Debug|Any CPU.ActiveCfg = Debug|Any CPU
		{8FF19345-3F20-4A3A-9EF7-8F8EAF751FDA}.Debug|Any CPU.Build.0 = Debug|Any CPU
		{8FF19345-3F20-4A3A-9EF7-8F8EAF751FDA}.Release|Any CPU.ActiveCfg = Release|Any CPU
		{8FF19345-3F20-4A3A-9EF7-8F8EAF751FDA}.Release|Any CPU.Build.0 = Release|Any CPU
	EndGlobalSection
	GlobalSection(SolutionProperties) = preSolution
		HideSolutionNode = FALSE
	EndGlobalSection
	GlobalSection(ExtensibilityGlobals) = postSolution
		SolutionGuid = {D5BA854C-739C-4EE1-84BB-301A3A74D369}
	EndGlobalSection
EndGlobal
